
Microsoft Visual Studio Solution File, Format Version 12.00
# Visual Studio Version 17
VisualStudioVersion = 17.11.35327.3
MinimumVisualStudioVersion = 10.0.40219.1
Project("{FAE04EC0-301F-11D3-BF4B-00C04F79EFBC}") = "Olimpiadas", "Olimpiadas\Olimpiadas.csproj", "{C58C6B2E-AD3F-4A57-9A66-9D8C5B335539}"
EndProject
Global
	GlobalSection(SolutionConfigurationPlatforms) = preSolution
		Debug|Any CPU = Debug|Any CPU
		Release|Any CPU = Release|Any CPU
	EndGlobalSection
	GlobalSection(ProjectConfigurationPlatforms) = postSolution
		{C58C6B2E-AD3F-4A57-9A66-9D8C5B335539}.Debug|Any CPU.ActiveCfg = Debug|Any CPU
		{C58C6B2E-AD3F-4A57-9A66-9D8C5B335539}.Debug|Any CPU.Build.0 = Debug|Any CPU
		{C58C6B2E-AD3F-4A57-9A66-9D8C5B335539}.Release|Any CPU.ActiveCfg = Release|Any CPU
		{C58C6B2E-AD3F-4A57-9A66-9D8C5B335539}.Release|Any CPU.Build.0 = Release|Any CPU
	EndGlobalSection
	GlobalSection(SolutionProperties) = preSolution
		HideSolutionNode = FALSE
	EndGlobalSection
	GlobalSection(ExtensibilityGlobals) = postSolution
		SolutionGuid = {3C4FBFCB-E7A2-41AF-91EF-7013F68C5329}
	EndGlobalSection
EndGlobal
